// !$*UTF8*$!
{
	archiveVersion = 1;
	classes = {
	};
	objectVersion = 55;
	objects = {

/* Begin PBXBuildFile section */
		9459F4D829114355001A2CD1 /* AppDelegate.swift in Sources */ = {isa = PBXBuildFile; fileRef = 9459F4D729114355001A2CD1 /* AppDelegate.swift */; };
		9459F4DA29114355001A2CD1 /* SceneDelegate.swift in Sources */ = {isa = PBXBuildFile; fileRef = 9459F4D929114355001A2CD1 /* SceneDelegate.swift */; };
		9459F4E129114358001A2CD1 /* Assets.xcassets in Resources */ = {isa = PBXBuildFile; fileRef = 9459F4E029114358001A2CD1 /* Assets.xcassets */; };
		9459F4F4291143CA001A2CD1 /* Restaurant.swift in Sources */ = {isa = PBXBuildFile; fileRef = 9459F4F2291143CA001A2CD1 /* Restaurant.swift */; };
		9459F4F5291143CA001A2CD1 /* Rating.swift in Sources */ = {isa = PBXBuildFile; fileRef = 9459F4F3291143CA001A2CD1 /* Rating.swift */; };
		9459F50929114401001A2CD1 /* NewRestaurantViewController.swift in Sources */ = {isa = PBXBuildFile; fileRef = 9459F4FA29114401001A2CD1 /* NewRestaurantViewController.swift */; };
		9459F50C29114401001A2CD1 /* DetailRestaurantViewController.swift in Sources */ = {isa = PBXBuildFile; fileRef = 9459F4FE29114401001A2CD1 /* DetailRestaurantViewController.swift */; };
		9459F50F29114401001A2CD1 /* ReviewViewController.swift in Sources */ = {isa = PBXBuildFile; fileRef = 9459F50229114401001A2CD1 /* ReviewViewController.swift */; };
		9459F51029114401001A2CD1 /* RestaurantsViewController.swift in Sources */ = {isa = PBXBuildFile; fileRef = 9459F50429114401001A2CD1 /* RestaurantsViewController.swift */; };
		9459F51129114401001A2CD1 /* RestaurantViewModel.swift in Sources */ = {isa = PBXBuildFile; fileRef = 9459F50529114401001A2CD1 /* RestaurantViewModel.swift */; };
		9459F51229114401001A2CD1 /* RestaurantViewCell.swift in Sources */ = {isa = PBXBuildFile; fileRef = 9459F50629114401001A2CD1 /* RestaurantViewCell.swift */; };
		9459F51529114456001A2CD1 /* LaunchScreen.storyboard in Resources */ = {isa = PBXBuildFile; fileRef = 9459F51329114456001A2CD1 /* LaunchScreen.storyboard */; };
		9459F51629114456001A2CD1 /* Main.storyboard in Resources */ = {isa = PBXBuildFile; fileRef = 9459F51429114456001A2CD1 /* Main.storyboard */; };
/* End PBXBuildFile section */

/* Begin PBXFileReference section */
		9459F4D429114355001A2CD1 /* FoodPin.app */ = {isa = PBXFileReference; explicitFileType = wrapper.application; includeInIndex = 0; path = FoodPin.app; sourceTree = BUILT_PRODUCTS_DIR; };
		9459F4D729114355001A2CD1 /* AppDelegate.swift */ = {isa = PBXFileReference; lastKnownFileType = sourcecode.swift; path = AppDelegate.swift; sourceTree = "<group>"; };
		9459F4D929114355001A2CD1 /* SceneDelegate.swift */ = {isa = PBXFileReference; lastKnownFileType = sourcecode.swift; path = SceneDelegate.swift; sourceTree = "<group>"; };
		9459F4E029114358001A2CD1 /* Assets.xcassets */ = {isa = PBXFileReference; lastKnownFileType = folder.assetcatalog; path = Assets.xcassets; sourceTree = "<group>"; };
		9459F4E529114358001A2CD1 /* Info.plist */ = {isa = PBXFileReference; lastKnownFileType = text.plist.xml; path = Info.plist; sourceTree = "<group>"; };
		9459F4F2291143CA001A2CD1 /* Restaurant.swift */ = {isa = PBXFileReference; fileEncoding = 4; lastKnownFileType = sourcecode.swift; path = Restaurant.swift; sourceTree = "<group>"; };
		9459F4F3291143CA001A2CD1 /* Rating.swift */ = {isa = PBXFileReference; fileEncoding = 4; lastKnownFileType = sourcecode.swift; path = Rating.swift; sourceTree = "<group>"; };
		9459F4FA29114401001A2CD1 /* NewRestaurantViewController.swift */ = {isa = PBXFileReference; fileEncoding = 4; lastKnownFileType = sourcecode.swift; path = NewRestaurantViewController.swift; sourceTree = "<group>"; };
		9459F4FE29114401001A2CD1 /* DetailRestaurantViewController.swift */ = {isa = PBXFileReference; fileEncoding = 4; lastKnownFileType = sourcecode.swift; path = DetailRestaurantViewController.swift; sourceTree = "<group>"; };
		9459F50229114401001A2CD1 /* ReviewViewController.swift */ = {isa = PBXFileReference; fileEncoding = 4; lastKnownFileType = sourcecode.swift; path = ReviewViewController.swift; sourceTree = "<group>"; };
		9459F50429114401001A2CD1 /* RestaurantsViewController.swift */ = {isa = PBXFileReference; fileEncoding = 4; lastKnownFileType = sourcecode.swift; path = RestaurantsViewController.swift; sourceTree = "<group>"; };
		9459F50529114401001A2CD1 /* RestaurantViewModel.swift */ = {isa = PBXFileReference; fileEncoding = 4; lastKnownFileType = sourcecode.swift; path = RestaurantViewModel.swift; sourceTree = "<group>"; };
		9459F50629114401001A2CD1 /* RestaurantViewCell.swift */ = {isa = PBXFileReference; fileEncoding = 4; lastKnownFileType = sourcecode.swift; path = RestaurantViewCell.swift; sourceTree = "<group>"; };
		9459F51329114456001A2CD1 /* LaunchScreen.storyboard */ = {isa = PBXFileReference; fileEncoding = 4; lastKnownFileType = file.storyboard; path = LaunchScreen.storyboard; sourceTree = "<group>"; };
		9459F51429114456001A2CD1 /* Main.storyboard */ = {isa = PBXFileReference; fileEncoding = 4; lastKnownFileType = file.storyboard; path = Main.storyboard; sourceTree = "<group>"; };
/* End PBXFileReference section */

/* Begin PBXFrameworksBuildPhase section */
		9459F4D129114355001A2CD1 /* Frameworks */ = {
			isa = PBXFrameworksBuildPhase;
			buildActionMask = 2147483647;
			files = (
			);
			runOnlyForDeploymentPostprocessing = 0;
		};
/* End PBXFrameworksBuildPhase section */

/* Begin PBXGroup section */
		9459F4CB29114355001A2CD1 = {
			isa = PBXGroup;
			children = (
				9459F4D629114355001A2CD1 /* FoodPin */,
				9459F4D529114355001A2CD1 /* Products */,
			);
			sourceTree = "<group>";
		};
		9459F4D529114355001A2CD1 /* Products */ = {
			isa = PBXGroup;
			children = (
				9459F4D429114355001A2CD1 /* FoodPin.app */,
			);
			name = Products;
			sourceTree = "<group>";
		};
		9459F4D629114355001A2CD1 /* FoodPin */ = {
			isa = PBXGroup;
			children = (
				9459F4EB29114365001A2CD1 /* Storyboard */,
				9459F4EC29114374001A2CD1 /* Models */,
				9459F4F6291143E5001A2CD1 /* Modules */,
				9459F4D729114355001A2CD1 /* AppDelegate.swift */,
				9459F4D929114355001A2CD1 /* SceneDelegate.swift */,
				9459F4E029114358001A2CD1 /* Assets.xcassets */,
				9459F4E529114358001A2CD1 /* Info.plist */,
			);
			path = FoodPin;
			sourceTree = "<group>";
		};
		9459F4EB29114365001A2CD1 /* Storyboard */ = {
			isa = PBXGroup;
			children = (
				9459F51329114456001A2CD1 /* LaunchScreen.storyboard */,
				9459F51429114456001A2CD1 /* Main.storyboard */,
			);
			path = Storyboard;
			sourceTree = "<group>";
		};
		9459F4EC29114374001A2CD1 /* Models */ = {
			isa = PBXGroup;
			children = (
				9459F4F3291143CA001A2CD1 /* Rating.swift */,
				9459F4F2291143CA001A2CD1 /* Restaurant.swift */,
			);
			path = Models;
			sourceTree = "<group>";
		};
		9459F4F6291143E5001A2CD1 /* Modules */ = {
			isa = PBXGroup;
			children = (
				9459F50329114401001A2CD1 /* Main */,
				9459F50129114401001A2CD1 /* Review */,
				9459F4FD29114401001A2CD1 /* Detail */,
				9459F4F929114401001A2CD1 /* New */,
			);
			path = Modules;
			sourceTree = "<group>";
		};
		9459F4F929114401001A2CD1 /* New */ = {
			isa = PBXGroup;
			children = (
				9459F4FA29114401001A2CD1 /* NewRestaurantViewController.swift */,
			);
			path = New;
			sourceTree = "<group>";
		};
		9459F4FD29114401001A2CD1 /* Detail */ = {
			isa = PBXGroup;
			children = (
				9459F4FE29114401001A2CD1 /* DetailRestaurantViewController.swift */,
			);
			path = Detail;
			sourceTree = "<group>";
		};
		9459F50129114401001A2CD1 /* Review */ = {
			isa = PBXGroup;
			children = (
				9459F50229114401001A2CD1 /* ReviewViewController.swift */,
			);
			path = Review;
			sourceTree = "<group>";
		};
		9459F50329114401001A2CD1 /* Main */ = {
			isa = PBXGroup;
			children = (
				9459F50429114401001A2CD1 /* RestaurantsViewController.swift */,
				9459F50529114401001A2CD1 /* RestaurantViewModel.swift */,
				9459F50629114401001A2CD1 /* RestaurantViewCell.swift */,
			);
			path = Main;
			sourceTree = "<group>";
		};
/* End PBXGroup section */

/* Begin PBXNativeTarget section */
		9459F4D329114355001A2CD1 /* FoodPin */ = {
			isa = PBXNativeTarget;
			buildConfigurationList = 9459F4E829114358001A2CD1 /* Build configuration list for PBXNativeTarget "FoodPin" */;
			buildPhases = (
				9459F4D029114355001A2CD1 /* Sources */,
				9459F4D129114355001A2CD1 /* Frameworks */,
				9459F4D229114355001A2CD1 /* Resources */,
			);
			buildRules = (
			);
			dependencies = (
			);
			name = FoodPin;
			productName = FoodPin;
			productReference = 9459F4D429114355001A2CD1 /* FoodPin.app */;
			productType = "com.apple.product-type.application";
		};
/* End PBXNativeTarget section */

/* Begin PBXProject section */
		9459F4CC29114355001A2CD1 /* Project object */ = {
			isa = PBXProject;
			attributes = {
				BuildIndependentTargetsInParallel = 1;
				LastSwiftUpdateCheck = 1400;
				LastUpgradeCheck = 1400;
				TargetAttributes = {
					9459F4D329114355001A2CD1 = {
						CreatedOnToolsVersion = 14.0.1;
					};
				};
			};
			buildConfigurationList = 9459F4CF29114355001A2CD1 /* Build configuration list for PBXProject "FoodPin" */;
			compatibilityVersion = "Xcode 13.0";
			developmentRegion = en;
			hasScannedForEncodings = 0;
			knownRegions = (
				en,
				Base,
			);
			mainGroup = 9459F4CB29114355001A2CD1;
			productRefGroup = 9459F4D529114355001A2CD1 /* Products */;
			projectDirPath = "";
			projectRoot = "";
			targets = (
				9459F4D329114355001A2CD1 /* FoodPin */,
			);
		};
/* End PBXProject section */

/* Begin PBXResourcesBuildPhase section */
		9459F4D229114355001A2CD1 /* Resources */ = {
			isa = PBXResourcesBuildPhase;
			buildActionMask = 2147483647;
			files = (
				9459F51629114456001A2CD1 /* Main.storyboard in Resources */,
				9459F4E129114358001A2CD1 /* Assets.xcassets in Resources */,
				9459F51529114456001A2CD1 /* LaunchScreen.storyboard in Resources */,
			);
			runOnlyForDeploymentPostprocessing = 0;
		};
/* End PBXResourcesBuildPhase section */

/* Begin PBXSourcesBuildPhase section */
		9459F4D029114355001A2CD1 /* Sources */ = {
			isa = PBXSourcesBuildPhase;
			buildActionMask = 2147483647;
			files = (
				9459F4F4291143CA001A2CD1 /* Restaurant.swift in Sources */,
				9459F50F29114401001A2CD1 /* ReviewViewController.swift in Sources */,
				9459F50929114401001A2CD1 /* NewRestaurantViewController.swift in Sources */,
				9459F4F5291143CA001A2CD1 /* Rating.swift in Sources */,
				9459F51229114401001A2CD1 /* RestaurantViewCell.swift in Sources */,
				9459F51129114401001A2CD1 /* RestaurantViewModel.swift in Sources */,
				9459F4D829114355001A2CD1 /* AppDelegate.swift in Sources */,
				9459F4DA29114355001A2CD1 /* SceneDelegate.swift in Sources */,
				9459F51029114401001A2CD1 /* RestaurantsViewController.swift in Sources */,
				9459F50C29114401001A2CD1 /* DetailRestaurantViewController.swift in Sources */,
			);
			runOnlyForDeploymentPostprocessing = 0;
		};
/* End PBXSourcesBuildPhase section */

/* Begin XCBuildConfiguration section */
		9459F4E629114358001A2CD1 /* Debug */ = {
			isa = XCBuildConfiguration;
			buildSettings = {
				ALWAYS_SEARCH_USER_PATHS = NO;
				CLANG_ANALYZER_NONNULL = YES;
				CLANG_ANALYZER_NUMBER_OBJECT_CONVERSION = YES_AGGRESSIVE;
				CLANG_CXX_LANGUAGE_STANDARD = "gnu++20";
				CLANG_ENABLE_MODULES = YES;
				CLANG_ENABLE_OBJC_ARC = YES;
				CLANG_ENABLE_OBJC_WEAK = YES;
				CLANG_WARN_BLOCK_CAPTURE_AUTORELEASING = YES;
				CLANG_WARN_BOOL_CONVERSION = YES;
				CLANG_WARN_COMMA = YES;
				CLANG_WARN_CONSTANT_CONVERSION = YES;
				CLANG_WARN_DEPRECATED_OBJC_IMPLEMENTATIONS = YES;
				CLANG_WARN_DIRECT_OBJC_ISA_USAGE = YES_ERROR;
				CLANG_WARN_DOCUMENTATION_COMMENTS = YES;
				CLANG_WARN_EMPTY_BODY = YES;
				CLANG_WARN_ENUM_CONVERSION = YES;
				CLANG_WARN_INFINITE_RECURSION = YES;
				CLANG_WARN_INT_CONVERSION = YES;
				CLANG_WARN_NON_LITERAL_NULL_CONVERSION = YES;
				CLANG_WARN_OBJC_IMPLICIT_RETAIN_SELF = YES;
				CLANG_WARN_OBJC_LITERAL_CONVERSION = YES;
				CLANG_WARN_OBJC_ROOT_CLASS = YES_ERROR;
				CLANG_WARN_QUOTED_INCLUDE_IN_FRAMEWORK_HEADER = YES;
				CLANG_WARN_RANGE_LOOP_ANALYSIS = YES;
				CLANG_WARN_STRICT_PROTOTYPES = YES;
				CLANG_WARN_SUSPICIOUS_MOVE = YES;
				CLANG_WARN_UNGUARDED_AVAILABILITY = YES_AGGRESSIVE;
				CLANG_WARN_UNREACHABLE_CODE = YES;
				CLANG_WARN__DUPLICATE_METHOD_MATCH = YES;
				COPY_PHASE_STRIP = NO;
				DEBUG_INFORMATION_FORMAT = dwarf;
				ENABLE_STRICT_OBJC_MSGSEND = YES;
				ENABLE_TESTABILITY = YES;
				GCC_C_LANGUAGE_STANDARD = gnu11;
				GCC_DYNAMIC_NO_PIC = NO;
				GCC_NO_COMMON_BLOCKS = YES;
				GCC_OPTIMIZATION_LEVEL = 0;
				GCC_PREPROCESSOR_DEFINITIONS = (
					"DEBUG=1",
					"$(inherited)",
				);
				GCC_WARN_64_TO_32_BIT_CONVERSION = YES;
				GCC_WARN_ABOUT_RETURN_TYPE = YES_ERROR;
				GCC_WARN_UNDECLARED_SELECTOR = YES;
				GCC_WARN_UNINITIALIZED_AUTOS = YES_AGGRESSIVE;
				GCC_WARN_UNUSED_FUNCTION = YES;
				GCC_WARN_UNUSED_VARIABLE = YES;
				IPHONEOS_DEPLOYMENT_TARGET = 16.0;
				MTL_ENABLE_DEBUG_INFO = INCLUDE_SOURCE;
				MTL_FAST_MATH = YES;
				ONLY_ACTIVE_ARCH = YES;
				SDKROOT = iphoneos;
				SWIFT_ACTIVE_COMPILATION_CONDITIONS = DEBUG;
				SWIFT_OPTIMIZATION_LEVEL = "-Onone";
			};
			name = Debug;
		};
		9459F4E729114358001A2CD1 /* Release */ = {
			isa = XCBuildConfiguration;
			buildSettings = {
				ALWAYS_SEARCH_USER_PATHS = NO;
				CLANG_ANALYZER_NONNULL = YES;
				CLANG_ANALYZER_NUMBER_OBJECT_CONVERSION = YES_AGGRESSIVE;
				CLANG_CXX_LANGUAGE_STANDARD = "gnu++20";
				CLANG_ENABLE_MODULES = YES;
				CLANG_ENABLE_OBJC_ARC = YES;
				CLANG_ENABLE_OBJC_WEAK = YES;
				CLANG_WARN_BLOCK_CAPTURE_AUTORELEASING = YES;
				CLANG_WARN_BOOL_CONVERSION = YES;
				CLANG_WARN_COMMA = YES;
				CLANG_WARN_CONSTANT_CONVERSION = YES;
				CLANG_WARN_DEPRECATED_OBJC_IMPLEMENTATIONS = YES;
				CLANG_WARN_DIRECT_OBJC_ISA_USAGE = YES_ERROR;
				CLANG_WARN_DOCUMENTATION_COMMENTS = YES;
				CLANG_WARN_EMPTY_BODY = YES;
				CLANG_WARN_ENUM_CONVERSION = YES;
				CLANG_WARN_INFINITE_RECURSION = YES;
				CLANG_WARN_INT_CONVERSION = YES;
				CLANG_WARN_NON_LITERAL_NULL_CONVERSION = YES;
				CLANG_WARN_OBJC_IMPLICIT_RETAIN_SELF = YES;
				CLANG_WARN_OBJC_LITERAL_CONVERSION = YES;
				CLANG_WARN_OBJC_ROOT_CLASS = YES_ERROR;
				CLANG_WARN_QUOTED_INCLUDE_IN_FRAMEWORK_HEADER = YES;
				CLANG_WARN_RANGE_LOOP_ANALYSIS = YES;
				CLANG_WARN_STRICT_PROTOTYPES = YES;
				CLANG_WARN_SUSPICIOUS_MOVE = YES;
				CLANG_WARN_UNGUARDED_AVAILABILITY = YES_AGGRESSIVE;
				CLANG_WARN_UNREACHABLE_CODE = YES;
				CLANG_WARN__DUPLICATE_METHOD_MATCH = YES;
				COPY_PHASE_STRIP = NO;
				DEBUG_INFORMATION_FORMAT = "dwarf-with-dsym";
				ENABLE_NS_ASSERTIONS = NO;
				ENABLE_STRICT_OBJC_MSGSEND = YES;
				GCC_C_LANGUAGE_STANDARD = gnu11;
				GCC_NO_COMMON_BLOCKS = YES;
				GCC_WARN_64_TO_32_BIT_CONVERSION = YES;
				GCC_WARN_ABOUT_RETURN_TYPE = YES_ERROR;
				GCC_WARN_UNDECLARED_SELECTOR = YES;
				GCC_WARN_UNINITIALIZED_AUTOS = YES_AGGRESSIVE;
				GCC_WARN_UNUSED_FUNCTION = YES;
				GCC_WARN_UNUSED_VARIABLE = YES;
				IPHONEOS_DEPLOYMENT_TARGET = 16.0;
				MTL_ENABLE_DEBUG_INFO = NO;
				MTL_FAST_MATH = YES;
				SDKROOT = iphoneos;
				SWIFT_COMPILATION_MODE = wholemodule;
				SWIFT_OPTIMIZATION_LEVEL = "-O";
				VALIDATE_PRODUCT = YES;
			};
			name = Release;
		};
		9459F4E929114358001A2CD1 /* Debug */ = {
			isa = XCBuildConfiguration;
			buildSettings = {
				ASSETCATALOG_COMPILER_APPICON_NAME = AppIcon;
				ASSETCATALOG_COMPILER_GLOBAL_ACCENT_COLOR_NAME = AccentColor;
				CODE_SIGN_STYLE = Automatic;
				CURRENT_PROJECT_VERSION = 1;
				DEVELOPMENT_TEAM = 59BS9RNX2H;
				GENERATE_INFOPLIST_FILE = YES;
				INFOPLIST_FILE = FoodPin/Info.plist;
				INFOPLIST_KEY_UIApplicationSupportsIndirectInputEvents = YES;
				INFOPLIST_KEY_UILaunchStoryboardName = LaunchScreen;
				INFOPLIST_KEY_UIMainStoryboardFile = Main;
				INFOPLIST_KEY_UISupportedInterfaceOrientations_iPad = "UIInterfaceOrientationPortrait UIInterfaceOrientationPortraitUpsideDown UIInterfaceOrientationLandscapeLeft UIInterfaceOrientationLandscapeRight";
				INFOPLIST_KEY_UISupportedInterfaceOrientations_iPhone = "UIInterfaceOrientationPortrait UIInterfaceOrientationLandscapeLeft UIInterfaceOrientationLandscapeRight";
				LD_RUNPATH_SEARCH_PATHS = (
					"$(inherited)",
					"@executable_path/Frameworks",
				);
				MARKETING_VERSION = 1.0;
				PRODUCT_BUNDLE_IDENTIFIER = com.tiaranh.FoodPin;
				PRODUCT_NAME = "$(TARGET_NAME)";
				SWIFT_EMIT_LOC_STRINGS = YES;
				SWIFT_VERSION = 5.0;
				TARGETED_DEVICE_FAMILY = "1,2";
			};
			name = Debug;
		};
		9459F4EA29114358001A2CD1 /* Release */ = {
			isa = XCBuildConfiguration;
			buildSettings = {
				ASSETCATALOG_COMPILER_APPICON_NAME = AppIcon;
				ASSETCATALOG_COMPILER_GLOBAL_ACCENT_COLOR_NAME = AccentColor;
				CODE_SIGN_STYLE = Automatic;
				CURRENT_PROJECT_VERSION = 1;
				DEVELOPMENT_TEAM = 59BS9RNX2H;
				GENERATE_INFOPLIST_FILE = YES;
				INFOPLIST_FILE = FoodPin/Info.plist;
				INFOPLIST_KEY_UIApplicationSupportsIndirectInputEvents = YES;
				INFOPLIST_KEY_UILaunchStoryboardName = LaunchScreen;
				INFOPLIST_KEY_UIMainStoryboardFile = Main;
				INFOPLIST_KEY_UISupportedInterfaceOrientations_iPad = "UIInterfaceOrientationPortrait UIInterfaceOrientationPortraitUpsideDown UIInterfaceOrientationLandscapeLeft UIInterfaceOrientationLandscapeRight";
				INFOPLIST_KEY_UISupportedInterfaceOrientations_iPhone = "UIInterfaceOrientationPortrait UIInterfaceOrientationLandscapeLeft UIInterfaceOrientationLandscapeRight";
				LD_RUNPATH_SEARCH_PATHS = (
					"$(inherited)",
					"@executable_path/Frameworks",
				);
				MARKETING_VERSION = 1.0;
				PRODUCT_BUNDLE_IDENTIFIER = com.tiaranh.FoodPin;
				PRODUCT_NAME = "$(TARGET_NAME)";
				SWIFT_EMIT_LOC_STRINGS = YES;
				SWIFT_VERSION = 5.0;
				TARGETED_DEVICE_FAMILY = "1,2";
			};
			name = Release;
		};
/* End XCBuildConfiguration section */

/* Begin XCConfigurationList section */
		9459F4CF29114355001A2CD1 /* Build configuration list for PBXProject "FoodPin" */ = {
			isa = XCConfigurationList;
			buildConfigurations = (
				9459F4E629114358001A2CD1 /* Debug */,
				9459F4E729114358001A2CD1 /* Release */,
			);
			defaultConfigurationIsVisible = 0;
			defaultConfigurationName = Release;
		};
		9459F4E829114358001A2CD1 /* Build configuration list for PBXNativeTarget "FoodPin" */ = {
			isa = XCConfigurationList;
			buildConfigurations = (
				9459F4E929114358001A2CD1 /* Debug */,
				9459F4EA29114358001A2CD1 /* Release */,
			);
			defaultConfigurationIsVisible = 0;
			defaultConfigurationName = Release;
		};
/* End XCConfigurationList section */
	};
	rootObject = 9459F4CC29114355001A2CD1 /* Project object */;
}
